{
    "name": "pluralsight-project-build-an-album-store-product-page-with-angular",
    "version": "0.0.2",
    "lockfileVersion": 1,
    "requires": true,
    "dependencies": {
        "@angular-devkit/build-optimizer": {
            "version": "0.0.41",
            "resolved": "https://registry.npmjs.org/@angular-devkit/build-optimizer/-/build-optimizer-0.0.41.tgz",
            "integrity": "sha512-TYolYpR3cb3rZGMqHBc1Q4r6SwhvuTF9sDt3gARy9Tli5R3BwY8bRA3evHQhhM0cb4AbBaJVgQYdJm5FURNn6g==",
            "dev": true,
            "requires": {
                "loader-utils": "1.1.0",
                "source-map": "0.5.7",
                "typescript": "2.6.2",
                "webpack-sources": "1.1.0"
            },
            "dependencies": {
                "typescript": {
                    "version": "2.6.2",
                    "resolved": "https://registry.npmjs.org/typescript/-/typescript-2.6.2.tgz",
                    "integrity": "sha1-PFtv1/beCRQmkCfwPAlGdY92c6Q=",
                    "dev": true
                }
            }
        },
        "@angular-devkit/core": {
            "version": "0.0.28",
            "resolved": "https://registry.npmjs.org/@angular-devkit/core/-/core-0.0.28.tgz",
            "integrity": "sha512-rfGRVdpx080zZq9NGZ3RNG+cmoq/ZPaCzpM4dAbosEM46ficUkwr/JKjhjZUUoSyb9ItrT1lp9C33GfE/YpSVQ==",
            "dev": true,
            "requires": {
                "ajv": "5.5.2",
                "chokidar": "1.7.0",
                "rxjs": "5.5.6",
                "source-map": "0.5.7"
            }
        },
        "@angular-devkit/schematics": {
            "version": "0.0.51",
            "resolved": "https://registry.npmjs.org/@angular-devkit/schematics/-/schematics-0.0.51.tgz",
            "integrity": "sha512-KGYiJpPgLqPvXeJzaHw/9JHAt8dL3EzyeYOAZ/gMKnPDA+7WypAta2n9ZuPVchY3G9p1XcqB5STJLvk7HQw3Cw==",
            "dev": true,
            "requires": {
                "@ngtools/json-schema": "1.1.0",
                "rxjs": "5.5.6"
            }
        },
        "@angular/animations": {
            "version": "5.2.0",
            "resolved": "https://registry.npmjs.org/@angular/animations/-/animations-5.2.0.tgz",
            "integrity": "sha512-JLR42YHiJppO4ruAkFxgbzghUDtHkXHkKPM8udd2qyt16T7e1OX7EEOrrmldUu59CC56tZnJ/32p4SrYmxyBSA==",
            "requires": {
                "tslib": "1.9.0"
            }
        },
        "@angular/cli": {
            "version": "1.6.5",
            "resolved": "https://registry.npmjs.org/@angular/cli/-/cli-1.6.5.tgz",
            "integrity": "sha512-YyGdq7rM1xduSdxviKfbd9NsYloEIeK3T+WEftsHSlViKuNQh8jIUoMzTGypjCmTieE2Gtg5BnukaxuUo1G+bQ==",
            "dev": true,
            "requires": {
                "@angular-devkit/build-optimizer": "0.0.41",
                "@angular-devkit/core": "0.0.28",
                "@angular-devkit/schematics": "0.0.51",
                "@ngtools/json-schema": "1.1.0",
                "@ngtools/webpack": "1.9.5",
                "@schematics/angular": "0.1.16",
                "autoprefixer": "7.2.5",
                "chalk": "2.2.2",
                "circular-dependency-plugin": "4.4.0",
                "common-tags": "1.7.2",
                "copy-webpack-plugin": "4.3.1",
                "core-object": "3.1.5",
                "css-loader": "0.28.9",
                "cssnano": "3.10.0",
                "denodeify": "1.2.1",
                "ember-cli-string-utils": "1.1.0",
                "exports-loader": "0.6.4",
                "extract-text-webpack-plugin": "3.0.2",
                "file-loader": "1.1.6",
                "fs-extra": "4.0.3",
                "glob": "7.1.2",
                "html-webpack-plugin": "2.30.1",
                "istanbul-instrumenter-loader": "3.0.0",
                "karma-source-map-support": "1.2.0",
                "less": "2.7.3",
                "less-loader": "4.0.5",
                "license-webpack-plugin": "1.1.1",
                "loader-utils": "1.1.0",
                "lodash": "4.17.4",
                "memory-fs": "0.4.1",
                "minimatch": "3.0.4",
                "node-modules-path": "1.0.1",
                "node-sass": "4.7.2",
                "nopt": "4.0.1",
                "opn": "5.1.0",
                "portfinder": "1.0.13",
                "postcss-import": "11.0.0",
                "postcss-loader": "2.0.10",
                "postcss-url": "7.3.0",
                "raw-loader": "0.5.1",
                "resolve": "1.5.0",
                "rxjs": "5.5.6",
                "sass-loader": "6.0.6",
                "semver": "5.5.0",
                "silent-error": "1.1.0",
                "source-map-loader": "0.2.3",
                "source-map-support": "0.4.18",
                "style-loader": "0.13.2",
                "stylus": "0.54.5",
                "stylus-loader": "3.0.1",
                "uglifyjs-webpack-plugin": "1.1.6",
                "url-loader": "0.6.2",
                "webpack": "3.10.0",
                "webpack-dev-middleware": "1.12.2",
                "webpack-dev-server": "2.11.0",
                "webpack-merge": "4.1.1",
                "webpack-sources": "1.1.0",
                "webpack-subresource-integrity": "1.0.3"
            }
        },
        "@angular/common": {
            "version": "5.2.0",
            "resolved": "https://registry.npmjs.org/@angular/common/-/common-5.2.0.tgz",
            "integrity": "sha512-yMFn2isC7/XOs56/2Kzzbb1AASHiwipAPOVFtKe7TdZQClO8fJXwCnk326rzr615+CG0eSBNQWeiFGyWN2riBA==",
            "requires": {
                "tslib": "1.9.0"
            }
        },
        "@angular/compiler": {
            "version": "5.2.0",
            "resolved": "https://registry.npmjs.org/@angular/compiler/-/compiler-5.2.0.tgz",
            "integrity": "sha512-RfYa4ESgjGX0T0ob/Xz00IF7nd2xZkoyRy6oKgL82q42uzB3xZUDMrFNgeGxAUs3H22IkL46/5SSPOMOTMZ0NA==",
            "requires": {
                "tslib": "1.9.0"
            }
        },
        "@angular/compiler-cli": {
            "version": "5.2.0",
            "resolved": "https://registry.npmjs.org/@angular/compiler-cli/-/compiler-cli-5.2.0.tgz",
            "integrity": "sha512-+Kef4NjuHwLj2hRPdVo4yAtPmv+kn0Nu/ShmKfaEK4mt9aaQMFxKNt6beUuDK5iUPMB5nuTCZ4bqEFpqd+EtxQ==",
            "dev": true,
            "requires": {
                "chokidar": "1.7.0",
                "minimist": "1.2.0",
                "reflect-metadata": "0.1.12",
                "tsickle": "0.26.0"
            }
        },
        "@angular/core": {
            "version": "5.2.0",
            "resolved": "https://registry.npmjs.org/@angular/core/-/core-5.2.0.tgz",
            "integrity": "sha512-s2ne45DguNUubhC1YgybGECC4Tyx3G4EZCntUiRMDWWkmKXSK+6dgHMesyDo8R5Oat8VfN4Anf8l3JHS1He8kg==",
            "requires": {
                "tslib": "1.9.0"
            }
        },
        "@angular/forms": {
            "version": "5.2.0",
            "resolved": "https://registry.npmjs.org/@angular/forms/-/forms-5.2.0.tgz",
            "integrity": "sha512-g1/SF9lY0ZwzJ0w4NXbFsTGGEuUdgtaZny8DmkaqtmA7idby3FW398X0tv25KQfVYKtL+p9Jp1Y8EI0CvrIsvw==",
            "requires": {
                "tslib": "1.9.0"
            }
        },
        "@angular/http": {
            "version": "5.2.0",
            "resolved": "https://registry.npmjs.org/@angular/http/-/http-5.2.0.tgz",
            "integrity": "sha512-V5Cl24dP3rCXTTQvDc0TIKoWqBRAa0DWAQbtr7iuDAt5a1vPGdKz5K1sEiiV6ziwX6gzjiwHjUvL+B+WbIUrQA==",
            "requires": {
                "tslib": "1.9.0"
            }
        },
        "@angular/language-service": {
            "version": "5.2.0",
            "resolved": "https://registry.npmjs.org/@angular/language-service/-/language-service-5.2.0.tgz",
            "integrity": "sha512-Yj/y5XrBBXbtwnZ6HJOBl/0XS/JBvVlHb1UWw5MIrsc81k7/eFiRAIKzmGpAba+Sw0G0dO22ABZ4yJjAMsML6A==",
            "dev": true
        },
        "@angular/platform-browser": {
            "version": "5.2.0",
            "resolved": "https://registry.npmjs.org/@angular/platform-browser/-/platform-browser-5.2.0.tgz",
            "integrity": "sha512-c6cR15MfopPwGZ097HdRuAi9+R9BhA3bRRFpP2HmrSSB/BW4ZNovUYwB2QUMSYbd9s0lYTtnavqGm6DKcyF2QA==",
            "requires": {
                "tslib": "1.9.0"
            }
        },
        "@angular/platform-browser-dynamic": {
            "version": "5.2.0",
            "resolved": "https://registry.npmjs.org/@angular/platform-browser-dynamic/-/platform-browser-dynamic-5.2.0.tgz",
            "integrity": "sha512-xG1eNoi8sm4Jcly2y98r5mqYVe3XV8sUJCtOhvGBYtvt4dKEQ5tOns6fWQ0nUbl6Vv3Y0xgGUS1JCtfut3DuaQ==",
            "requires": {
                "tslib": "1.9.0"
            }
        },
        "@angular/router": {
            "version": "5.2.0",
            "resolved": "https://registry.npmjs.org/@angular/router/-/router-5.2.0.tgz",
            "integrity": "sha512-VXDXtp2A1GQEUEhXg0ZzqHdTUERLgDSo3/Mmpzt+dgLMKlXDSCykcm4gINwE5VQLGD1zQvDFCCRv3seGRNfrqA==",
            "requires": {
                "tslib": "1.9.0"
            }
        },
        "@ngtools/json-schema": {
            "version": "1.1.0",
            "resolved": "https://registry.npmjs.org/@ngtools/json-schema/-/json-schema-1.1.0.tgz",
            "integrity": "sha1-w6DFRNYjkqzCgTpCyKDcb1j4aSI=",
            "dev": true
        },
        "@ngtools/webpack": {
            "version": "1.9.5",
            "resolved": "https://registry.npmjs.org/@ngtools/webpack/-/webpack-1.9.5.tgz",
            "integrity": "sha512-scio7dKdorM6wgFz8ELm0MDl2To9ax6a36rfmD+h6hcgSn+7dKZmSr3qUnQE1ymydyzlBwS+4IODpWqHPS9cwQ==",
            "dev": true,
            "requires": {
                "chalk": "2.2.2",
                "enhanced-resolve": "3.4.1",
                "loader-utils": "1.1.0",
                "magic-string": "0.22.4",
                "semver": "5.5.0",
                "source-map": "0.5.7",
                "tree-kill": "1.2.0",
                "webpack-sources": "1.1.0"
            }
        },
        "@phenomnomnominal/tsquery": {
            "version": "2.1.1",
            "resolved": "https://registry.npmjs.org/@phenomnomnominal/tsquery/-/tsquery-2.1.1.tgz",
            "integrity": "sha512-awpB28hmZ8HcW+bEIvjPoSSc7vcCt0Hvh3x6HpBV6P/GB9YIrDukjQUsEZDK5s0BbPPhvJYdWKkubeQbVAwEtA==",
            "dev": true,
            "requires": {
                "esquery": "1.0.1"
            }
        },
        "@schematics/angular": {
            "version": "0.1.16",
            "resolved": "https://registry.npmjs.org/@schematics/angular/-/angular-0.1.16.tgz",
            "integrity": "sha512-SLzs5TmDLEO2/oU83uDw/x9jgBQTktNlO202kbawcqDKLekqgcZXnsl7UhoNdeCFOU9BE9dw07wWwuIzAhj9gQ==",
            "dev": true,
            "requires": {
                "typescript": "2.6.2"
            },
            "dependencies": {
                "typescript": {
                    "version": "2.6.2",
                    "resolved": "https://registry.npmjs.org/typescript/-/typescript-2.6.2.tgz",
                    "integrity": "sha1-PFtv1/beCRQmkCfwPAlGdY92c6Q=",
                    "dev": true
                }
            }
        },
        "@types/jasmine": {
            "version": "2.8.3",
            "resolved": "https://registry.npmjs.org/@types/jasmine/-/jasmine-2.8.3.tgz",
            "integrity": "sha512-BN0ho2/U55Td9k8RT2KqonDNmWZHTl1crIk8GIh+xNeCw8A60GMCIKN5a6u/Voz3pF3zzl3Ui+ldGrGxCSsYQw==",
            "dev": true
        },
        "@types/jasminewd2": {
            "version": "2.0.2",
            "resolved": "https://registry.npmjs.org/@types/jasminewd2/-/jasminewd2-2.0.2.tgz",
            "integrity": "sha1-X2jh5pe/ELxv2Mvy4Aaj1nEsW2Q=",
            "dev": true,
            "requires": {
                "@types/jasmine": "2.8.3"
            }
        },
        "@types/node": {
            "version": "6.0.60",
            "resolved": "https://registry.npmjs.org/@types/node/-/node-6.0.60.tgz",
            "integrity": "sha1-5+E068Z0rm7ZPDbHZ3ObEQ0sV/w=",
            "dev": true
        },
        "@types/q": {
            "version": "0.0.32",
            "resolved": "http://registry.npmjs.org/@types/q/-/q-0.0.32.tgz",
            "integrity": "sha1-vShOV8hPEyXacCur/IKlMoGQwMU=",
            "dev": true
        },
        "@types/selenium-webdriver": {
            "version": "2.53.43",
            "resolved": "https://registry.npmjs.org/@types/selenium-webdriver/-/selenium-webdriver-2.53.43.tgz",
            "integrity": "sha512-UBYHWph6P3tutkbXpW6XYg9ZPbTKjw/YC2hGG1/GEvWwTbvezBUv3h+mmUFw79T3RFPnmedpiXdOBbXX+4l0jg==",
            "dev": true
        },
        "@types/strip-bom": {
            "version": "3.0.0",
            "resolved": "http://registry.npmjs.org/@types/strip-bom/-/strip-bom-3.0.0.tgz",
            "integrity": "sha1-FKjsOVbC6B7bdSB5CuzyHCkK69I=",
            "dev": true
        },
        "@types/strip-json-comments": {
            "version": "0.0.30",
            "resolved": "https://registry.npmjs.org/@types/strip-json-comments/-/strip-json-comments-0.0.30.tgz",
            "integrity": "sha512-7NQmHra/JILCd1QqpSzl8+mJRc8ZHz3uDm8YV1Ks9IhK0epEiTw8aIErbvH9PI+6XbqhyIQy3462nEsn7UVzjQ==",
            "dev": true
        },
        "JSONStream": {
            "version": "1.3.2",
            "resolved": "https://registry.npmjs.org/JSONStream/-/JSONStream-1.3.2.tgz",
            "integrity": "sha1-wQI3G27Dp887hHygDCC7D85Mbeo=",
            "dev": true,
            "requires": {
                "jsonparse": "1.3.1",
                "through": "2.3.8"
            }
        },
        "abbrev": {
            "version": "1.1.1",
            "resolved": "https://registry.npmjs.org/abbrev/-/abbrev-1.1.1.tgz",
            "integrity": "sha512-nne9/IiQ/hzIhY6pdDnbBtz7DjPTKrY00P/zvPSm5pOFkl6xuGrGnXn/VtTNNfNtAfZ9/1RtehkszU9qcTii0Q==",
            "dev": true
        },
        "accepts": {
            "version": "1.3.4",
            "resolved": "https://registry.npmjs.org/accepts/-/accepts-1.3.4.tgz",
            "integrity": "sha1-hiRnWMfdbSGmR0/whKR0DsBesh8=",
            "dev": true,
            "requires": {
                "mime-types": "2.1.17",
                "negotiator": "0.6.1"
            }
        },
        "acorn": {
            "version": "5.3.0",
            "resolved": "https://registry.npmjs.org/acorn/-/acorn-5.3.0.tgz",
            "integrity": "sha512-Yej+zOJ1Dm/IMZzzj78OntP/r3zHEaKcyNoU2lAaxPtrseM6rF0xwqoz5Q5ysAiED9hTjI2hgtvLXitlCN1/Ug==",
            "dev": true
        },
        "acorn-dynamic-import": {
            "version": "2.0.2",
            "resolved": "https://registry.npmjs.org/acorn-dynamic-import/-/acorn-dynamic-import-2.0.2.tgz",
            "integrity": "sha1-x1K9IQvvZ5UBtsbLf8hPj0cVjMQ=",
            "dev": true,
            "requires": {
                "acorn": "4.0.13"
            },
            "dependencies": {
                "acorn": {
                    "version": "4.0.13",
                    "resolved": "https://registry.npmjs.org/acorn/-/acorn-4.0.13.tgz",
                    "integrity": "sha1-EFSVrlNh1pe9GVyCUZLhrX8lN4c=",
                    "dev": true
                }
            }
        },
        "addressparser": {
            "version": "1.0.1",
            "resolved": "https://registry.npmjs.org/addressparser/-/addressparser-1.0.1.tgz",
            "integrity": "sha1-R6++GiqSYhkdtoOOT9HTm0CCF0Y=",
            "dev": true,
            "optional": true
        },
        "adm-zip": {
            "version": "0.4.7",
            "resolved": "https://registry.npmjs.org/adm-zip/-/adm-zip-0.4.7.tgz",
            "integrity": "sha1-hgbCy/HEJs6MjsABdER/1Jtur8E=",
            "dev": true
        },
        "after": {
            "version": "0.8.2",
            "resolved": "https://registry.npmjs.org/after/-/after-0.8.2.tgz",
            "integrity": "sha1-/ts5T58OAqqXaOcCvaI7UF+ufh8=",
            "dev": true
        },
        "agent-base": {
            "version": "2.1.1",
            "resolved": "https://registry.npmjs.org/agent-base/-/agent-base-2.1.1.tgz",
            "integrity": "sha1-1t4Q1a9hMtW9aSQn1G/FOFOQlMc=",
            "dev": true,
            "requires": {
                "extend": "3.0.1",
                "semver": "5.0.3"
            },
            "dependencies": {
                "semver": {
                    "version": "5.0.3",
                    "resolved": "https://registry.npmjs.org/semver/-/semver-5.0.3.tgz",
                    "integrity": "sha1-d0Zt5YnNXTyV8TiqeLxWmjy10no=",
                    "dev": true
                }
            }
        },
        "ajv": {
            "version": "5.5.2",
            "resolved": "https://registry.npmjs.org/ajv/-/ajv-5.5.2.tgz",
            "integrity": "sha1-c7Xuyj+rZT49P5Qis0GtQiBdyWU=",
            "dev": true,
            "requires": {
                "co": "4.6.0",
                "fast-deep-equal": "1.0.0",
                "fast-json-stable-stringify": "2.0.0",
                "json-schema-traverse": "0.3.1"
            }
        },
        "ajv-keywords": {
            "version": "2.1.1",
            "resolved": "https://registry.npmjs.org/ajv-keywords/-/ajv-keywords-2.1.1.tgz",
            "integrity": "sha1-YXmX/F9gV2iUxDX5QNgZ4TW4B2I=",
            "dev": true
        },
        "align-text": {
            "version": "0.1.4",
            "resolved": "https://registry.npmjs.org/align-text/-/align-text-0.1.4.tgz",
            "integrity": "sha1-DNkKVhCT810KmSVsIrcGlDP60Rc=",
            "dev": true,
            "requires": {
                "kind-of": "3.2.2",
                "longest": "1.0.1",
                "repeat-string": "1.6.1"
            }
        },
        "alphanum-sort": {
            "version": "1.0.2",
            "resolved": "https://registry.npmjs.org/alphanum-sort/-/alphanum-sort-1.0.2.tgz",
            "integrity": "sha1-l6ERlkmyEa0zaR2fn0hqjsn74KM=",
            "dev": true
        },
        "amdefine": {
            "version": "1.0.1",
            "resolved": "https://registry.npmjs.org/amdefine/-/amdefine-1.0.1.tgz",
            "integrity": "sha1-SlKCrBZHKek2Gbz9OtFR+BfOkfU=",
            "dev": true
        },
        "amqplib": {
            "version": "0.5.2",
            "resolved": "https://registry.npmjs.org/amqplib/-/amqplib-0.5.2.tgz",
            "integrity": "sha512-l9mCs6LbydtHqRniRwYkKdqxVa6XMz3Vw1fh+2gJaaVgTM6Jk3o8RccAKWKtlhT1US5sWrFh+KKxsVUALURSIA==",
            "dev": true,
            "optional": true,
            "requires": {
                "bitsyntax": "0.0.4",
                "bluebird": "3.5.1",
                "buffer-more-ints": "0.0.2",
                "readable-stream": "1.1.14",
                "safe-buffer": "5.1.1"
            },
            "dependencies": {
                "isarray": {
                    "version": "0.0.1",
                    "resolved": "https://registry.npmjs.org/isarray/-/isarray-0.0.1.tgz",
                    "integrity": "sha1-ihis/Kmo9Bd+Cav8YDiTmwXR7t8=",
                    "dev": true,
                    "optional": true
                },
                "readable-stream": {
                    "version": "1.1.14",
                    "resolved": "http://registry.npmjs.org/readable-stream/-/readable-stream-1.1.14.tgz",
                    "integrity": "sha1-fPTFTvZI44EwhMY23SB54WbAgdk=",
                    "dev": true,
                    "optional": true,
                    "requires": {
                        "core-util-is": "1.0.2",
                        "inherits": "2.0.3",
                        "isarray": "0.0.1",
                        "string_decoder": "0.10.31"
                    }
                },
                "string_decoder": {
                    "version": "0.10.31",
                    "resolved": "https://registry.npmjs.org/string_decoder/-/string_decoder-0.10.31.tgz",
                    "integrity": "sha1-YuIDvEF2bGwoyfyEMB2rHFMQ+pQ=",
                    "dev": true,
                    "optional": true
                }
            }
        },